
Microsoft Visual Studio Solution File, Format Version 12.00
# Visual Studio Version 16
VisualStudioVersion = 16.0.32802.440
MinimumVisualStudioVersion = 10.0.40219.1
Project("{FAE04EC0-301F-11D3-BF4B-00C04F79EFBC}") = "EightPuzzle", "EightPuzzle\EightPuzzle.csproj", "{09BFB1D2-F6D2-40BA-BB64-7DDEAF80EA59}"
EndProject
Global
	GlobalSection(SolutionConfigurationPlatforms) = preSolution
		Debug|Any CPU = Debug|Any CPU
		Release|Any CPU = Release|Any CPU
	EndGlobalSection
	GlobalSection(ProjectConfigurationPlatforms) = postSolution
		{09BFB1D2-F6D2-40BA-BB64-7DDEAF80EA59}.Debug|Any CPU.ActiveCfg = Debug|Any CPU
		{09BFB1D2-F6D2-40BA-BB64-7DDEAF80EA59}.Debug|Any CPU.Build.0 = Debug|Any CPU
		{09BFB1D2-F6D2-40BA-BB64-7DDEAF80EA59}.Release|Any CPU.ActiveCfg = Release|Any CPU
		{09BFB1D2-F6D2-40BA-BB64-7DDEAF80EA59}.Release|Any CPU.Build.0 = Release|Any CPU
	EndGlobalSection
	GlobalSection(SolutionProperties) = preSolution
		HideSolutionNode = FALSE
	EndGlobalSection
	GlobalSection(ExtensibilityGlobals) = postSolution
		SolutionGuid = {C9E2EBC1-C069-49AB-9A92-A1229FEA33C7}
	EndGlobalSection
EndGlobal
